Microsoft Visual Studio Solution File, Format Version 12.00
# Visual Studio Version 17
VisualStudioVersion = 17.5.2.0
MinimumVisualStudioVersion = 10.0.40219.1
Project("{FAE04EC0-301F-11D3-BF4B-00C04F79EFBC}") = "ImageEdgeDetection", "ImageEdgeDetection.csproj", "{D05AC1E8-76BB-AD42-6969-091575FF7073}"
EndProject
Global
	GlobalSection(SolutionConfigurationPlatforms) = preSolution
		Debug|Any CPU = Debug|Any CPU
		Release|Any CPU = Release|Any CPU
	EndGlobalSection
	GlobalSection(ProjectConfigurationPlatforms) = postSolution
		{D05AC1E8-76BB-AD42-6969-091575FF7073}.Debug|Any CPU.ActiveCfg = Debug|Any CPU
		{D05AC1E8-76BB-AD42-6969-091575FF7073}.Debug|Any CPU.Build.0 = Debug|Any CPU
		{D05AC1E8-76BB-AD42-6969-091575FF7073}.Release|Any CPU.ActiveCfg = Release|Any CPU
		{D05AC1E8-76BB-AD42-6969-091575FF7073}.Release|Any CPU.Build.0 = Release|Any CPU
	EndGlobalSection
	GlobalSection(SolutionProperties) = preSolution
		HideSolutionNode = FALSE
	EndGlobalSection
	GlobalSection(ExtensibilityGlobals) = postSolution
		SolutionGuid = {F7569753-8B48-42A0-BCA7-04F31835E6A3}
	EndGlobalSection
EndGlobal
